
Microsoft Visual Studio Solution File, Format Version 12.00
# Visual Studio Version 17
VisualStudioVersion = 17.1.32421.90
MinimumVisualStudioVersion = 10.0.40219.1
Project("{FAE04EC0-301F-11D3-BF4B-00C04F79EFBC}") = "PlayNuDi", "PlayNuDi\PlayNuDi.csproj", "{C536CB77-167E-4C1C-82B7-5ED490E8EA79}"
EndProject
Global
	GlobalSection(SolutionConfigurationPlatforms) = preSolution
		Debug|Any CPU = Debug|Any CPU
		Release|Any CPU = Release|Any CPU
	EndGlobalSection
	GlobalSection(ProjectConfigurationPlatforms) = postSolution
		{C536CB77-167E-4C1C-82B7-5ED490E8EA79}.Debug|Any CPU.ActiveCfg = Debug|Any CPU
		{C536CB77-167E-4C1C-82B7-5ED490E8EA79}.Debug|Any CPU.Build.0 = Debug|Any CPU
		{C536CB77-167E-4C1C-82B7-5ED490E8EA79}.Release|Any CPU.ActiveCfg = Release|Any CPU
		{C536CB77-167E-4C1C-82B7-5ED490E8EA79}.Release|Any CPU.Build.0 = Release|Any CPU
	EndGlobalSection
	GlobalSection(SolutionProperties) = preSolution
		HideSolutionNode = FALSE
	EndGlobalSection
	GlobalSection(ExtensibilityGlobals) = postSolution
		SolutionGuid = {D7E041D9-529E-4BC3-877B-C09F12BE99EB}
	EndGlobalSection
EndGlobal
